
Microsoft Visual Studio Solution File, Format Version 12.00
# Visual Studio 15
VisualStudioVersion = 15.0.27703.2035
MinimumVisualStudioVersion = 10.0.40219.1
Project("{8BC9CEB8-8B4A-11D0-8D11-00A0C91BC942}") = "cs300_jungdae.chur_assg1", "cs300_jungdae.chur_assg1\cs300_jungdae.chur_assg1.vcxproj", "{A40A0E79-C305-4355-9630-2E119E67C60C}"
EndProject
Global
	GlobalSection(SolutionConfigurationPlatforms) = preSolution
		Debug|x64 = Debug|x64
		Debug|x86 = Debug|x86
		Release|x64 = Release|x64
		Release|x86 = Release|x86
	EndGlobalSection
	GlobalSection(ProjectConfigurationPlatforms) = postSolution
		{A40A0E79-C305-4355-9630-2E119E67C60C}.Debug|x64.ActiveCfg = Debug|x64
		{A40A0E79-C305-4355-9630-2E119E67C60C}.Debug|x64.Build.0 = Debug|x64
		{A40A0E79-C305-4355-9630-2E119E67C60C}.Debug|x86.ActiveCfg = Debug|Win32
		{A40A0E79-C305-4355-9630-2E119E67C60C}.Debug|x86.Build.0 = Debug|Win32
		{A40A0E79-C305-4355-9630-2E119E67C60C}.Release|x64.ActiveCfg = Release|x64
		{A40A0E79-C305-4355-9630-2E119E67C60C}.Release|x64.Build.0 = Release|x64
		{A40A0E79-C305-4355-9630-2E119E67C60C}.Release|x86.ActiveCfg = Release|Win32
		{A40A0E79-C305-4355-9630-2E119E67C60C}.Release|x86.Build.0 = Release|Win32
	EndGlobalSection
	GlobalSection(SolutionProperties) = preSolution
		HideSolutionNode = FALSE
	EndGlobalSection
	GlobalSection(ExtensibilityGlobals) = postSolution
		SolutionGuid = {E46D7AAF-9F56-4FD8-9E3F-098DEC53094D}
	EndGlobalSection
EndGlobal
